{
  "name": "SustCafeteria",
  "lockfileVersion": 3,
  "requires": true,
  "packages": {
    "": {
      "dependencies": {
        "@tanstack/react-query": "^5.100.7"
      }
    },
    "node_modules/@tanstack/query-core": {
      "version": "5.100.7",
      "resolved": "https://registry.npmjs.org/@tanstack/query-core/-/query-core-5.100.7.tgz",
      "integrity": "sha512-5R7i6ENJLhVeeJrrUz7jKBXUXv/BJrxf9FQJSkR13bPrb3zOcE8A0Z0PxYCcsKPOsiIlTibrBL/zZbtUO1TFyQ==",
      "license": "MIT",
      "funding": {
        "type": "github",
        "url": "https://github.com/sponsors/tannerlinsley"
      }
    },
    "node_modules/@tanstack/react-query": {
      "version": "5.100.7",
      "resolved": "https://registry.npmjs.org/@tanstack/react-query/-/react-query-5.100.7.tgz",
      "integrity": "sha512-LoISYWz8dOOuQbeIctF8K6yi42TWtR1WPGpwGuRUpF3u79JVVIg/PVR0MQdIA0VSHqD/ydf/b7PhKTkg3I4fLQ==",
      "license": "MIT",
      "dependencies": {
        "@tanstack/query-core": "5.100.7"
      },
      "funding": {
        "type": "github",
        "url": "https://github.com/sponsors/tannerlinsley"
      },
      "peerDependencies": {
        "react": "^18 || ^19"
      }
    },
    "node_modules/react": {
      "version": "19.2.5",
      "resolved": "https://registry.npmjs.org/react/-/react-19.2.5.tgz",
      "integrity": "sha512-llUJLzz1zTUBrskt2pwZgLq59AemifIftw4aB7JxOqf1HY2FDaGDxgwpAPVzHU1kdWabH7FauP4i1oEeer2WCA==",
      "license": "MIT",
      "peer": true,
      "engines": {
        "node": ">=0.10.0"
      }
    }
  }
}
